// !$*UTF8*$!
{
	archiveVersion = 1;
	classes = {
	};
	objectVersion = 56;
	objects = {

/* Begin PBXBuildFile section */
		3716B53E28F36AA600FE27FA /* friend_timerApp.swift in Sources */ = {isa = PBXBuildFile; fileRef = 3716B53D28F36AA600FE27FA /* friend_timerApp.swift */; };
		3716B54028F36AA600FE27FA /* ContentView.swift in Sources */ = {isa = PBXBuildFile; fileRef = 3716B53F28F36AA600FE27FA /* ContentView.swift */; };
		3716B54228F36AA800FE27FA /* Assets.xcassets in Resources */ = {isa = PBXBuildFile; fileRef = 3716B54128F36AA800FE27FA /* Assets.xcassets */; };
		3716B54528F36AA800FE27FA /* Preview Assets.xcassets in Resources */ = {isa = PBXBuildFile; fileRef = 3716B54428F36AA800FE27FA /* Preview Assets.xcassets */; };
		3716B54C28F36DB500FE27FA /* ModelData.swift in Sources */ = {isa = PBXBuildFile; fileRef = 3716B54B28F36DB500FE27FA /* ModelData.swift */; };
		3716B54E28F36DCB00FE27FA /* manipulateData.swift in Sources */ = {isa = PBXBuildFile; fileRef = 3716B54D28F36DCB00FE27FA /* manipulateData.swift */; };
		3716B55028F37E9100FE27FA /* FriendRow.swift in Sources */ = {isa = PBXBuildFile; fileRef = 3716B54F28F37E9100FE27FA /* FriendRow.swift */; };
		372878952913DF5900501CF1 /* UserDefaultsHandler.swift in Sources */ = {isa = PBXBuildFile; fileRef = 372878942913DF5900501CF1 /* UserDefaultsHandler.swift */; };
		375335C92905A0E100E4585B /* NotificationHandler.swift in Sources */ = {isa = PBXBuildFile; fileRef = 375335C82905A0E100E4585B /* NotificationHandler.swift */; };
		37546DDB29283EA40075EDC2 /* UpdaterViewModel.swift in Sources */ = {isa = PBXBuildFile; fileRef = 37546DDA29283EA40075EDC2 /* UpdaterViewModel.swift */; };
		379EA79C291EA50C00840E09 /* SampleData.swift in Sources */ = {isa = PBXBuildFile; fileRef = 379EA79B291EA50C00840E09 /* SampleData.swift */; };
		37E9341B28F4A51300FB15BC /* AddNewPersonView.swift in Sources */ = {isa = PBXBuildFile; fileRef = 37E9341A28F4A51300FB15BC /* AddNewPersonView.swift */; };
		37E9342028F859D000FB15BC /* AddNewPersonCache.swift in Sources */ = {isa = PBXBuildFile; fileRef = 37E9341F28F859D000FB15BC /* AddNewPersonCache.swift */; };
/* End PBXBuildFile section */

/* Begin PBXFileReference section */
		3716B53A28F36AA600FE27FA /* friend timer.app */ = {isa = PBXFileReference; explicitFileType = wrapper.application; includeInIndex = 0; path = "friend timer.app"; sourceTree = BUILT_PRODUCTS_DIR; };
		3716B53D28F36AA600FE27FA /* friend_timerApp.swift */ = {isa = PBXFileReference; lastKnownFileType = sourcecode.swift; path = friend_timerApp.swift; sourceTree = "<group>"; };
		3716B53F28F36AA600FE27FA /* ContentView.swift */ = {isa = PBXFileReference; lastKnownFileType = sourcecode.swift; path = ContentView.swift; sourceTree = "<group>"; };
		3716B54128F36AA800FE27FA /* Assets.xcassets */ = {isa = PBXFileReference; lastKnownFileType = folder.assetcatalog; path = Assets.xcassets; sourceTree = "<group>"; };
		3716B54428F36AA800FE27FA /* Preview Assets.xcassets */ = {isa = PBXFileReference; lastKnownFileType = folder.assetcatalog; path = "Preview Assets.xcassets"; sourceTree = "<group>"; };
		3716B54B28F36DB500FE27FA /* ModelData.swift */ = {isa = PBXFileReference; lastKnownFileType = sourcecode.swift; path = ModelData.swift; sourceTree = "<group>"; };
		3716B54D28F36DCB00FE27FA /* manipulateData.swift */ = {isa = PBXFileReference; lastKnownFileType = sourcecode.swift; path = manipulateData.swift; sourceTree = "<group>"; };
		3716B54F28F37E9100FE27FA /* FriendRow.swift */ = {isa = PBXFileReference; lastKnownFileType = sourcecode.swift; path = FriendRow.swift; sourceTree = "<group>"; };
		372878942913DF5900501CF1 /* UserDefaultsHandler.swift */ = {isa = PBXFileReference; lastKnownFileType = sourcecode.swift; path = UserDefaultsHandler.swift; sourceTree = "<group>"; };
		375335C82905A0E100E4585B /* NotificationHandler.swift */ = {isa = PBXFileReference; lastKnownFileType = sourcecode.swift; path = NotificationHandler.swift; sourceTree = "<group>"; };
		37546DDA29283EA40075EDC2 /* UpdaterViewModel.swift */ = {isa = PBXFileReference; lastKnownFileType = sourcecode.swift; path = UpdaterViewModel.swift; sourceTree = "<group>"; };
		379EA79B291EA50C00840E09 /* SampleData.swift */ = {isa = PBXFileReference; lastKnownFileType = sourcecode.swift; path = SampleData.swift; sourceTree = "<group>"; };
		37E9341A28F4A51300FB15BC /* AddNewPersonView.swift */ = {isa = PBXFileReference; lastKnownFileType = sourcecode.swift; path = AddNewPersonView.swift; sourceTree = "<group>"; };
		37E9341F28F859D000FB15BC /* AddNewPersonCache.swift */ = {isa = PBXFileReference; lastKnownFileType = sourcecode.swift; path = AddNewPersonCache.swift; sourceTree = "<group>"; };
/* End PBXFileReference section */

/* Begin PBXFrameworksBuildPhase section */
		3716B53728F36AA600FE27FA /* Frameworks */ = {
			isa = PBXFrameworksBuildPhase;
			buildActionMask = 2147483647;
			files = (
			);
			runOnlyForDeploymentPostprocessing = 0;
		};
/* End PBXFrameworksBuildPhase section */

/* Begin PBXGroup section */
		3716B53128F36AA600FE27FA = {
			isa = PBXGroup;
			children = (
				3716B53C28F36AA600FE27FA /* friend timer */,
				3716B53B28F36AA600FE27FA /* Products */,
			);
			sourceTree = "<group>";
		};
		3716B53B28F36AA600FE27FA /* Products */ = {
			isa = PBXGroup;
			children = (
				3716B53A28F36AA600FE27FA /* friend timer.app */,
			);
			name = Products;
			sourceTree = "<group>";
		};
		3716B53C28F36AA600FE27FA /* friend timer */ = {
			isa = PBXGroup;
			children = (
				3716B53D28F36AA600FE27FA /* friend_timerApp.swift */,
				3716B53F28F36AA600FE27FA /* ContentView.swift */,
				37A0623428F3915600A78B33 /* views */,
				37E9341E28F859AA00FB15BC /* Model */,
				3716B54D28F36DCB00FE27FA /* manipulateData.swift */,
				375335C82905A0E100E4585B /* NotificationHandler.swift */,
				3716B54128F36AA800FE27FA /* Assets.xcassets */,
				3716B54328F36AA800FE27FA /* Preview Content */,
				37546DDA29283EA40075EDC2 /* UpdaterViewModel.swift */,
			);
			path = "friend timer";
			sourceTree = "<group>";
		};
		3716B54328F36AA800FE27FA /* Preview Content */ = {
			isa = PBXGroup;
			children = (
				3716B54428F36AA800FE27FA /* Preview Assets.xcassets */,
				379EA79B291EA50C00840E09 /* SampleData.swift */,
			);
			path = "Preview Content";
			sourceTree = "<group>";
		};
		37A0623428F3915600A78B33 /* views */ = {
			isa = PBXGroup;
			children = (
				3716B54F28F37E9100FE27FA /* FriendRow.swift */,
				37E9341A28F4A51300FB15BC /* AddNewPersonView.swift */,
			);
			path = views;
			sourceTree = "<group>";
		};
		37E9341E28F859AA00FB15BC /* Model */ = {
			isa = PBXGroup;
			children = (
				3716B54B28F36DB500FE27FA /* ModelData.swift */,
				37E9341F28F859D000FB15BC /* AddNewPersonCache.swift */,
				372878942913DF5900501CF1 /* UserDefaultsHandler.swift */,
			);
			path = Model;
			sourceTree = "<group>";
		};
/* End PBXGroup section */

/* Begin PBXNativeTarget section */
		3716B53928F36AA600FE27FA /* friend timer */ = {
			isa = PBXNativeTarget;
			buildConfigurationList = 3716B54828F36AA800FE27FA /* Build configuration list for PBXNativeTarget "friend timer" */;
			buildPhases = (
				3716B53628F36AA600FE27FA /* Sources */,
				3716B53728F36AA600FE27FA /* Frameworks */,
				3716B53828F36AA600FE27FA /* Resources */,
			);
			buildRules = (
			);
			dependencies = (
			);
			name = "friend timer";
			productName = "friend timer";
			productReference = 3716B53A28F36AA600FE27FA /* friend timer.app */;
			productType = "com.apple.product-type.application";
		};
/* End PBXNativeTarget section */

/* Begin PBXProject section */
		3716B53228F36AA600FE27FA /* Project object */ = {
			isa = PBXProject;
			attributes = {
				BuildIndependentTargetsInParallel = 1;
				LastSwiftUpdateCheck = 1400;
				LastUpgradeCheck = 1400;
				TargetAttributes = {
					3716B53928F36AA600FE27FA = {
						CreatedOnToolsVersion = 14.0.1;
					};
				};
			};
			buildConfigurationList = 3716B53528F36AA600FE27FA /* Build configuration list for PBXProject "friend timer" */;
			compatibilityVersion = "Xcode 14.0";
			developmentRegion = en;
			hasScannedForEncodings = 0;
			knownRegions = (
				en,
				Base,
			);
			mainGroup = 3716B53128F36AA600FE27FA;
			productRefGroup = 3716B53B28F36AA600FE27FA /* Products */;
			projectDirPath = "";
			projectRoot = "";
			targets = (
				3716B53928F36AA600FE27FA /* friend timer */,
			);
		};
/* End PBXProject section */

/* Begin PBXResourcesBuildPhase section */
		3716B53828F36AA600FE27FA /* Resources */ = {
			isa = PBXResourcesBuildPhase;
			buildActionMask = 2147483647;
			files = (
				3716B54528F36AA800FE27FA /* Preview Assets.xcassets in Resources */,
				3716B54228F36AA800FE27FA /* Assets.xcassets in Resources */,
			);
			runOnlyForDeploymentPostprocessing = 0;
		};
/* End PBXResourcesBuildPhase section */

/* Begin PBXSourcesBuildPhase section */
		3716B53628F36AA600FE27FA /* Sources */ = {
			isa = PBXSourcesBuildPhase;
			buildActionMask = 2147483647;
			files = (
				37E9341B28F4A51300FB15BC /* AddNewPersonView.swift in Sources */,
				372878952913DF5900501CF1 /* UserDefaultsHandler.swift in Sources */,
				375335C92905A0E100E4585B /* NotificationHandler.swift in Sources */,
				379EA79C291EA50C00840E09 /* SampleData.swift in Sources */,
				37E9342028F859D000FB15BC /* AddNewPersonCache.swift in Sources */,
				3716B54028F36AA600FE27FA /* ContentView.swift in Sources */,
				37546DDB29283EA40075EDC2 /* UpdaterViewModel.swift in Sources */,
				3716B54C28F36DB500FE27FA /* ModelData.swift in Sources */,
				3716B54E28F36DCB00FE27FA /* manipulateData.swift in Sources */,
				3716B55028F37E9100FE27FA /* FriendRow.swift in Sources */,
				3716B53E28F36AA600FE27FA /* friend_timerApp.swift in Sources */,
			);
			runOnlyForDeploymentPostprocessing = 0;
		};
/* End PBXSourcesBuildPhase section */

/* Begin XCBuildConfiguration section */
		3716B54628F36AA800FE27FA /* Debug */ = {
			isa = XCBuildConfiguration;
			buildSettings = {
				ALWAYS_SEARCH_USER_PATHS = NO;
				CLANG_ANALYZER_NONNULL = YES;
				CLANG_ANALYZER_NUMBER_OBJECT_CONVERSION = YES_AGGRESSIVE;
				CLANG_CXX_LANGUAGE_STANDARD = "gnu++20";
				CLANG_ENABLE_MODULES = YES;
				CLANG_ENABLE_OBJC_ARC = YES;
				CLANG_ENABLE_OBJC_WEAK = YES;
				CLANG_WARN_BLOCK_CAPTURE_AUTORELEASING = YES;
				CLANG_WARN_BOOL_CONVERSION = YES;
				CLANG_WARN_COMMA = YES;
				CLANG_WARN_CONSTANT_CONVERSION = YES;
				CLANG_WARN_DEPRECATED_OBJC_IMPLEMENTATIONS = YES;
				CLANG_WARN_DIRECT_OBJC_ISA_USAGE = YES_ERROR;
				CLANG_WARN_DOCUMENTATION_COMMENTS = YES;
				CLANG_WARN_EMPTY_BODY = YES;
				CLANG_WARN_ENUM_CONVERSION = YES;
				CLANG_WARN_INFINITE_RECURSION = YES;
				CLANG_WARN_INT_CONVERSION = YES;
				CLANG_WARN_NON_LITERAL_NULL_CONVERSION = YES;
				CLANG_WARN_OBJC_IMPLICIT_RETAIN_SELF = YES;
				CLANG_WARN_OBJC_LITERAL_CONVERSION = YES;
				CLANG_WARN_OBJC_ROOT_CLASS = YES_ERROR;
				CLANG_WARN_QUOTED_INCLUDE_IN_FRAMEWORK_HEADER = YES;
				CLANG_WARN_RANGE_LOOP_ANALYSIS = YES;
				CLANG_WARN_STRICT_PROTOTYPES = YES;
				CLANG_WARN_SUSPICIOUS_MOVE = YES;
				CLANG_WARN_UNGUARDED_AVAILABILITY = YES_AGGRESSIVE;
				CLANG_WARN_UNREACHABLE_CODE = YES;
				CLANG_WARN__DUPLICATE_METHOD_MATCH = YES;
				COPY_PHASE_STRIP = NO;
				DEBUG_INFORMATION_FORMAT = dwarf;
				ENABLE_STRICT_OBJC_MSGSEND = YES;
				ENABLE_TESTABILITY = YES;
				GCC_C_LANGUAGE_STANDARD = gnu11;
				GCC_DYNAMIC_NO_PIC = NO;
				GCC_NO_COMMON_BLOCKS = YES;
				GCC_OPTIMIZATION_LEVEL = 0;
				GCC_PREPROCESSOR_DEFINITIONS = (
					"DEBUG=1",
					"$(inherited)",
				);
				GCC_WARN_64_TO_32_BIT_CONVERSION = YES;
				GCC_WARN_ABOUT_RETURN_TYPE = YES_ERROR;
				GCC_WARN_UNDECLARED_SELECTOR = YES;
				GCC_WARN_UNINITIALIZED_AUTOS = YES_AGGRESSIVE;
				GCC_WARN_UNUSED_FUNCTION = YES;
				GCC_WARN_UNUSED_VARIABLE = YES;
				IPHONEOS_DEPLOYMENT_TARGET = 16.0;
				MTL_ENABLE_DEBUG_INFO = INCLUDE_SOURCE;
				MTL_FAST_MATH = YES;
				ONLY_ACTIVE_ARCH = YES;
				SDKROOT = iphoneos;
				SWIFT_ACTIVE_COMPILATION_CONDITIONS = DEBUG;
				SWIFT_OPTIMIZATION_LEVEL = "-Onone";
			};
			name = Debug;
		};
		3716B54728F36AA800FE27FA /* Release */ = {
			isa = XCBuildConfiguration;
			buildSettings = {
				ALWAYS_SEARCH_USER_PATHS = NO;
				CLANG_ANALYZER_NONNULL = YES;
				CLANG_ANALYZER_NUMBER_OBJECT_CONVERSION = YES_AGGRESSIVE;
				CLANG_CXX_LANGUAGE_STANDARD = "gnu++20";
				CLANG_ENABLE_MODULES = YES;
				CLANG_ENABLE_OBJC_ARC = YES;
				CLANG_ENABLE_OBJC_WEAK = YES;
				CLANG_WARN_BLOCK_CAPTURE_AUTORELEASING = YES;
				CLANG_WARN_BOOL_CONVERSION = YES;
				CLANG_WARN_COMMA = YES;
				CLANG_WARN_CONSTANT_CONVERSION = YES;
				CLANG_WARN_DEPRECATED_OBJC_IMPLEMENTATIONS = YES;
				CLANG_WARN_DIRECT_OBJC_ISA_USAGE = YES_ERROR;
				CLANG_WARN_DOCUMENTATION_COMMENTS = YES;
				CLANG_WARN_EMPTY_BODY = YES;
				CLANG_WARN_ENUM_CONVERSION = YES;
				CLANG_WARN_INFINITE_RECURSION = YES;
				CLANG_WARN_INT_CONVERSION = YES;
				CLANG_WARN_NON_LITERAL_NULL_CONVERSION = YES;
				CLANG_WARN_OBJC_IMPLICIT_RETAIN_SELF = YES;
				CLANG_WARN_OBJC_LITERAL_CONVERSION = YES;
				CLANG_WARN_OBJC_ROOT_CLASS = YES_ERROR;
				CLANG_WARN_QUOTED_INCLUDE_IN_FRAMEWORK_HEADER = YES;
				CLANG_WARN_RANGE_LOOP_ANALYSIS = YES;
				CLANG_WARN_STRICT_PROTOTYPES = YES;
				CLANG_WARN_SUSPICIOUS_MOVE = YES;
				CLANG_WARN_UNGUARDED_AVAILABILITY = YES_AGGRESSIVE;
				CLANG_WARN_UNREACHABLE_CODE = YES;
				CLANG_WARN__DUPLICATE_METHOD_MATCH = YES;
				COPY_PHASE_STRIP = NO;
				DEBUG_INFORMATION_FORMAT = "dwarf-with-dsym";
				ENABLE_NS_ASSERTIONS = NO;
				ENABLE_STRICT_OBJC_MSGSEND = YES;
				GCC_C_LANGUAGE_STANDARD = gnu11;
				GCC_NO_COMMON_BLOCKS = YES;
				GCC_WARN_64_TO_32_BIT_CONVERSION = YES;
				GCC_WARN_ABOUT_RETURN_TYPE = YES_ERROR;
				GCC_WARN_UNDECLARED_SELECTOR = YES;
				GCC_WARN_UNINITIALIZED_AUTOS = YES_AGGRESSIVE;
				GCC_WARN_UNUSED_FUNCTION = YES;
				GCC_WARN_UNUSED_VARIABLE = YES;
				IPHONEOS_DEPLOYMENT_TARGET = 16.0;
				MTL_ENABLE_DEBUG_INFO = NO;
				MTL_FAST_MATH = YES;
				SDKROOT = iphoneos;
				SWIFT_COMPILATION_MODE = wholemodule;
				SWIFT_OPTIMIZATION_LEVEL = "-O";
				VALIDATE_PRODUCT = YES;
			};
			name = Release;
		};
		3716B54928F36AA800FE27FA /* Debug */ = {
			isa = XCBuildConfiguration;
			buildSettings = {
				ASSETCATALOG_COMPILER_APPICON_NAME = AppIcon;
				ASSETCATALOG_COMPILER_GLOBAL_ACCENT_COLOR_NAME = AccentColor;
				CODE_SIGN_STYLE = Automatic;
				CURRENT_PROJECT_VERSION = 1;
				DEVELOPMENT_ASSET_PATHS = "";
				DEVELOPMENT_TEAM = ZN353H5XS5;
				ENABLE_PREVIEWS = YES;
				GENERATE_INFOPLIST_FILE = YES;
				INFOPLIST_FILE = "friend-timer-Info.plist";
				INFOPLIST_KEY_CFBundleDisplayName = Socialize.;
				INFOPLIST_KEY_UIApplicationSupportsIndirectInputEvents = YES;
				INFOPLIST_KEY_UISupportedInterfaceOrientations = UIInterfaceOrientationPortrait;
				INFOPLIST_KEY_UISupportedInterfaceOrientations_iPad = "UIInterfaceOrientationLandscapeLeft UIInterfaceOrientationLandscapeRight UIInterfaceOrientationPortrait UIInterfaceOrientationPortraitUpsideDown";
				LD_RUNPATH_SEARCH_PATHS = (
					"$(inherited)",
					"@executable_path/Frameworks",
				);
				MARKETING_VERSION = 1.0;
				PRODUCT_BUNDLE_IDENTIFIER = "com.nicolasfuchs.friend-timer";
				PRODUCT_NAME = "$(TARGET_NAME)";
				SWIFT_EMIT_LOC_STRINGS = YES;
				SWIFT_VERSION = 5.0;
				TARGETED_DEVICE_FAMILY = "1,2";
			};
			name = Debug;
		};
		3716B54A28F36AA800FE27FA /* Release */ = {
			isa = XCBuildConfiguration;
			buildSettings = {
				ASSETCATALOG_COMPILER_APPICON_NAME = AppIcon;
				ASSETCATALOG_COMPILER_GLOBAL_ACCENT_COLOR_NAME = AccentColor;
				CODE_SIGN_STYLE = Automatic;
				CURRENT_PROJECT_VERSION = 1;
				DEVELOPMENT_ASSET_PATHS = "";
				DEVELOPMENT_TEAM = ZN353H5XS5;
				ENABLE_PREVIEWS = YES;
				GENERATE_INFOPLIST_FILE = YES;
				INFOPLIST_FILE = "friend-timer-Info.plist";
				INFOPLIST_KEY_CFBundleDisplayName = Socialize.;
				INFOPLIST_KEY_UIApplicationSupportsIndirectInputEvents = YES;
				INFOPLIST_KEY_UISupportedInterfaceOrientations = UIInterfaceOrientationPortrait;
				INFOPLIST_KEY_UISupportedInterfaceOrientations_iPad = "UIInterfaceOrientationLandscapeLeft UIInterfaceOrientationLandscapeRight UIInterfaceOrientationPortrait UIInterfaceOrientationPortraitUpsideDown";
				LD_RUNPATH_SEARCH_PATHS = (
					"$(inherited)",
					"@executable_path/Frameworks",
				);
				MARKETING_VERSION = 1.0;
				PRODUCT_BUNDLE_IDENTIFIER = "com.nicolasfuchs.friend-timer";
				PRODUCT_NAME = "$(TARGET_NAME)";
				SWIFT_EMIT_LOC_STRINGS = YES;
				SWIFT_VERSION = 5.0;
				TARGETED_DEVICE_FAMILY = "1,2";
			};
			name = Release;
		};
/* End XCBuildConfiguration section */

/* Begin XCConfigurationList section */
		3716B53528F36AA600FE27FA /* Build configuration list for PBXProject "friend timer" */ = {
			isa = XCConfigurationList;
			buildConfigurations = (
				3716B54628F36AA800FE27FA /* Debug */,
				3716B54728F36AA800FE27FA /* Release */,
			);
			defaultConfigurationIsVisible = 0;
			defaultConfigurationName = Release;
		};
		3716B54828F36AA800FE27FA /* Build configuration list for PBXNativeTarget "friend timer" */ = {
			isa = XCConfigurationList;
			buildConfigurations = (
				3716B54928F36AA800FE27FA /* Debug */,
				3716B54A28F36AA800FE27FA /* Release */,
			);
			defaultConfigurationIsVisible = 0;
			defaultConfigurationName = Release;
		};
/* End XCConfigurationList section */
	};
	rootObject = 3716B53228F36AA600FE27FA /* Project object */;
}
